
Microsoft Visual Studio Solution File, Format Version 12.00
# Visual Studio Version 16
VisualStudioVersion = 16.0.31205.134
MinimumVisualStudioVersion = 10.0.40219.1
Project("{FAE04EC0-301F-11D3-BF4B-00C04F79EFBC}") = "WebAPI_Prac", "WebAPI_Prac.csproj", "{A31E7681-CD61-4242-8F9A-66AA092FAE24}"
EndProject
Global
	GlobalSection(SolutionConfigurationPlatforms) = preSolution
		Debug|Any CPU = Debug|Any CPU
		Release|Any CPU = Release|Any CPU
	EndGlobalSection
	GlobalSection(ProjectConfigurationPlatforms) = postSolution
		{A31E7681-CD61-4242-8F9A-66AA092FAE24}.Debug|Any CPU.ActiveCfg = Debug|Any CPU
		{A31E7681-CD61-4242-8F9A-66AA092FAE24}.Debug|Any CPU.Build.0 = Debug|Any CPU
		{A31E7681-CD61-4242-8F9A-66AA092FAE24}.Release|Any CPU.ActiveCfg = Release|Any CPU
		{A31E7681-CD61-4242-8F9A-66AA092FAE24}.Release|Any CPU.Build.0 = Release|Any CPU
	EndGlobalSection
	GlobalSection(SolutionProperties) = preSolution
		HideSolutionNode = FALSE
	EndGlobalSection
	GlobalSection(ExtensibilityGlobals) = postSolution
		SolutionGuid = {2F619FE4-3473-486B-9833-8AFFA266C139}
	EndGlobalSection
EndGlobal
